{
  "object": {
    "pins": [
      {
        "package": "CHDF5",
        "repositoryURL": "https://github.com/lubiluk/CHDF5.git",
        "state": {
          "branch": null,
          "revision": "d6e5d6fdf56963ccaf963c5ed17f6e147605f8dd",
          "version": "1.1.0"
        }
      }
    ]
  },
  "version": 1
}
